// !$*UTF8*$!
{
	archiveVersion = 1;
	classes = {
	};
	objectVersion = 50;
	objects = {

/* Begin PBXBuildFile section */
		84EC7811240FABF200D9FBCF /* AppDelegate.swift in Sources */ = {isa = PBXBuildFile; fileRef = 84EC7810240FABF200D9FBCF /* AppDelegate.swift */; };
		84EC7813240FABF200D9FBCF /* SceneDelegate.swift in Sources */ = {isa = PBXBuildFile; fileRef = 84EC7812240FABF200D9FBCF /* SceneDelegate.swift */; };
		84EC7815240FABF200D9FBCF /* ContentView.swift in Sources */ = {isa = PBXBuildFile; fileRef = 84EC7814240FABF200D9FBCF /* ContentView.swift */; };
		84EC7817240FABF600D9FBCF /* Assets.xcassets in Resources */ = {isa = PBXBuildFile; fileRef = 84EC7816240FABF600D9FBCF /* Assets.xcassets */; };
		84EC781A240FABF600D9FBCF /* Preview Assets.xcassets in Resources */ = {isa = PBXBuildFile; fileRef = 84EC7819240FABF600D9FBCF /* Preview Assets.xcassets */; };
		84EC781D240FABF600D9FBCF /* LaunchScreen.storyboard in Resources */ = {isa = PBXBuildFile; fileRef = 84EC781B240FABF600D9FBCF /* LaunchScreen.storyboard */; };
		84EC7825240FACBC00D9FBCF /* HomeView.swift in Sources */ = {isa = PBXBuildFile; fileRef = 84EC7824240FACBC00D9FBCF /* HomeView.swift */; };
		84EC7827240FAF1300D9FBCF /* Transactions.swift in Sources */ = {isa = PBXBuildFile; fileRef = 84EC7826240FAF1300D9FBCF /* Transactions.swift */; };
		84EC7829240FAF3300D9FBCF /* Debit.swift in Sources */ = {isa = PBXBuildFile; fileRef = 84EC7828240FAF3300D9FBCF /* Debit.swift */; };
/* End PBXBuildFile section */

/* Begin PBXFileReference section */
		84EC780D240FABF200D9FBCF /* HDFC-POC.app */ = {isa = PBXFileReference; explicitFileType = wrapper.application; includeInIndex = 0; path = "HDFC-POC.app"; sourceTree = BUILT_PRODUCTS_DIR; };
		84EC7810240FABF200D9FBCF /* AppDelegate.swift */ = {isa = PBXFileReference; lastKnownFileType = sourcecode.swift; path = AppDelegate.swift; sourceTree = "<group>"; };
		84EC7812240FABF200D9FBCF /* SceneDelegate.swift */ = {isa = PBXFileReference; lastKnownFileType = sourcecode.swift; path = SceneDelegate.swift; sourceTree = "<group>"; };
		84EC7814240FABF200D9FBCF /* ContentView.swift */ = {isa = PBXFileReference; lastKnownFileType = sourcecode.swift; path = ContentView.swift; sourceTree = "<group>"; };
		84EC7816240FABF600D9FBCF /* Assets.xcassets */ = {isa = PBXFileReference; lastKnownFileType = folder.assetcatalog; path = Assets.xcassets; sourceTree = "<group>"; };
		84EC7819240FABF600D9FBCF /* Preview Assets.xcassets */ = {isa = PBXFileReference; lastKnownFileType = folder.assetcatalog; path = "Preview Assets.xcassets"; sourceTree = "<group>"; };
		84EC781C240FABF600D9FBCF /* Base */ = {isa = PBXFileReference; lastKnownFileType = file.storyboard; name = Base; path = Base.lproj/LaunchScreen.storyboard; sourceTree = "<group>"; };
		84EC781E240FABF600D9FBCF /* Info.plist */ = {isa = PBXFileReference; lastKnownFileType = text.plist.xml; path = Info.plist; sourceTree = "<group>"; };
		84EC7824240FACBC00D9FBCF /* HomeView.swift */ = {isa = PBXFileReference; lastKnownFileType = sourcecode.swift; path = HomeView.swift; sourceTree = "<group>"; };
		84EC7826240FAF1300D9FBCF /* Transactions.swift */ = {isa = PBXFileReference; lastKnownFileType = sourcecode.swift; path = Transactions.swift; sourceTree = "<group>"; };
		84EC7828240FAF3300D9FBCF /* Debit.swift */ = {isa = PBXFileReference; lastKnownFileType = sourcecode.swift; path = Debit.swift; sourceTree = "<group>"; };
/* End PBXFileReference section */

/* Begin PBXFrameworksBuildPhase section */
		84EC780A240FABF200D9FBCF /* Frameworks */ = {
			isa = PBXFrameworksBuildPhase;
			buildActionMask = 2147483647;
			files = (
			);
			runOnlyForDeploymentPostprocessing = 0;
		};
/* End PBXFrameworksBuildPhase section */

/* Begin PBXGroup section */
		84EC7804240FABF200D9FBCF = {
			isa = PBXGroup;
			children = (
				84EC780F240FABF200D9FBCF /* HDFC-POC */,
				84EC780E240FABF200D9FBCF /* Products */,
			);
			sourceTree = "<group>";
		};
		84EC780E240FABF200D9FBCF /* Products */ = {
			isa = PBXGroup;
			children = (
				84EC780D240FABF200D9FBCF /* HDFC-POC.app */,
			);
			name = Products;
			sourceTree = "<group>";
		};
		84EC780F240FABF200D9FBCF /* HDFC-POC */ = {
			isa = PBXGroup;
			children = (
				84EC7810240FABF200D9FBCF /* AppDelegate.swift */,
				84EC7812240FABF200D9FBCF /* SceneDelegate.swift */,
				84EC7814240FABF200D9FBCF /* ContentView.swift */,
				84EC7824240FACBC00D9FBCF /* HomeView.swift */,
				84EC7826240FAF1300D9FBCF /* Transactions.swift */,
				84EC7828240FAF3300D9FBCF /* Debit.swift */,
				84EC7816240FABF600D9FBCF /* Assets.xcassets */,
				84EC781B240FABF600D9FBCF /* LaunchScreen.storyboard */,
				84EC781E240FABF600D9FBCF /* Info.plist */,
				84EC7818240FABF600D9FBCF /* Preview Content */,
			);
			path = "HDFC-POC";
			sourceTree = "<group>";
		};
		84EC7818240FABF600D9FBCF /* Preview Content */ = {
			isa = PBXGroup;
			children = (
				84EC7819240FABF600D9FBCF /* Preview Assets.xcassets */,
			);
			path = "Preview Content";
			sourceTree = "<group>";
		};
/* End PBXGroup section */

/* Begin PBXNativeTarget section */
		84EC780C240FABF200D9FBCF /* HDFC-POC */ = {
			isa = PBXNativeTarget;
			buildConfigurationList = 84EC7821240FABF600D9FBCF /* Build configuration list for PBXNativeTarget "HDFC-POC" */;
			buildPhases = (
				84EC7809240FABF200D9FBCF /* Sources */,
				84EC780A240FABF200D9FBCF /* Frameworks */,
				84EC780B240FABF200D9FBCF /* Resources */,
			);
			buildRules = (
			);
			dependencies = (
			);
			name = "HDFC-POC";
			productName = "HDFC-POC";
			productReference = 84EC780D240FABF200D9FBCF /* HDFC-POC.app */;
			productType = "com.apple.product-type.application";
		};
/* End PBXNativeTarget section */

/* Begin PBXProject section */
		84EC7805240FABF200D9FBCF /* Project object */ = {
			isa = PBXProject;
			attributes = {
				LastSwiftUpdateCheck = 1130;
				LastUpgradeCheck = 1130;
				ORGANIZATIONNAME = HDFC;
				TargetAttributes = {
					84EC780C240FABF200D9FBCF = {
						CreatedOnToolsVersion = 11.3.1;
					};
				};
			};
			buildConfigurationList = 84EC7808240FABF200D9FBCF /* Build configuration list for PBXProject "HDFC-POC" */;
			compatibilityVersion = "Xcode 9.3";
			developmentRegion = en;
			hasScannedForEncodings = 0;
			knownRegions = (
				en,
				Base,
			);
			mainGroup = 84EC7804240FABF200D9FBCF;
			productRefGroup = 84EC780E240FABF200D9FBCF /* Products */;
			projectDirPath = "";
			projectRoot = "";
			targets = (
				84EC780C240FABF200D9FBCF /* HDFC-POC */,
			);
		};
/* End PBXProject section */

/* Begin PBXResourcesBuildPhase section */
		84EC780B240FABF200D9FBCF /* Resources */ = {
			isa = PBXResourcesBuildPhase;
			buildActionMask = 2147483647;
			files = (
				84EC781D240FABF600D9FBCF /* LaunchScreen.storyboard in Resources */,
				84EC781A240FABF600D9FBCF /* Preview Assets.xcassets in Resources */,
				84EC7817240FABF600D9FBCF /* Assets.xcassets in Resources */,
			);
			runOnlyForDeploymentPostprocessing = 0;
		};
/* End PBXResourcesBuildPhase section */

/* Begin PBXSourcesBuildPhase section */
		84EC7809240FABF200D9FBCF /* Sources */ = {
			isa = PBXSourcesBuildPhase;
			buildActionMask = 2147483647;
			files = (
				84EC7827240FAF1300D9FBCF /* Transactions.swift in Sources */,
				84EC7811240FABF200D9FBCF /* AppDelegate.swift in Sources */,
				84EC7829240FAF3300D9FBCF /* Debit.swift in Sources */,
				84EC7825240FACBC00D9FBCF /* HomeView.swift in Sources */,
				84EC7813240FABF200D9FBCF /* SceneDelegate.swift in Sources */,
				84EC7815240FABF200D9FBCF /* ContentView.swift in Sources */,
			);
			runOnlyForDeploymentPostprocessing = 0;
		};
/* End PBXSourcesBuildPhase section */

/* Begin PBXVariantGroup section */
		84EC781B240FABF600D9FBCF /* LaunchScreen.storyboard */ = {
			isa = PBXVariantGroup;
			children = (
				84EC781C240FABF600D9FBCF /* Base */,
			);
			name = LaunchScreen.storyboard;
			sourceTree = "<group>";
		};
/* End PBXVariantGroup section */

/* Begin XCBuildConfiguration section */
		84EC781F240FABF600D9FBCF /* Debug */ = {
			isa = XCBuildConfiguration;
			buildSettings = {
				ALWAYS_SEARCH_USER_PATHS = NO;
				CLANG_ANALYZER_NONNULL = YES;
				CLANG_ANALYZER_NUMBER_OBJECT_CONVERSION = YES_AGGRESSIVE;
				CLANG_CXX_LANGUAGE_STANDARD = "gnu++14";
				CLANG_CXX_LIBRARY = "libc++";
				CLANG_ENABLE_MODULES = YES;
				CLANG_ENABLE_OBJC_ARC = YES;
				CLANG_ENABLE_OBJC_WEAK = YES;
				CLANG_WARN_BLOCK_CAPTURE_AUTORELEASING = YES;
				CLANG_WARN_BOOL_CONVERSION = YES;
				CLANG_WARN_COMMA = YES;
				CLANG_WARN_CONSTANT_CONVERSION = YES;
				CLANG_WARN_DEPRECATED_OBJC_IMPLEMENTATIONS = YES;
				CLANG_WARN_DIRECT_OBJC_ISA_USAGE = YES_ERROR;
				CLANG_WARN_DOCUMENTATION_COMMENTS = YES;
				CLANG_WARN_EMPTY_BODY = YES;
				CLANG_WARN_ENUM_CONVERSION = YES;
				CLANG_WARN_INFINITE_RECURSION = YES;
				CLANG_WARN_INT_CONVERSION = YES;
				CLANG_WARN_NON_LITERAL_NULL_CONVERSION = YES;
				CLANG_WARN_OBJC_IMPLICIT_RETAIN_SELF = YES;
				CLANG_WARN_OBJC_LITERAL_CONVERSION = YES;
				CLANG_WARN_OBJC_ROOT_CLASS = YES_ERROR;
				CLANG_WARN_RANGE_LOOP_ANALYSIS = YES;
				CLANG_WARN_STRICT_PROTOTYPES = YES;
				CLANG_WARN_SUSPICIOUS_MOVE = YES;
				CLANG_WARN_UNGUARDED_AVAILABILITY = YES_AGGRESSIVE;
				CLANG_WARN_UNREACHABLE_CODE = YES;
				CLANG_WARN__DUPLICATE_METHOD_MATCH = YES;
				COPY_PHASE_STRIP = NO;
				DEBUG_INFORMATION_FORMAT = dwarf;
				ENABLE_STRICT_OBJC_MSGSEND = YES;
				ENABLE_TESTABILITY = YES;
				GCC_C_LANGUAGE_STANDARD = gnu11;
				GCC_DYNAMIC_NO_PIC = NO;
				GCC_NO_COMMON_BLOCKS = YES;
				GCC_OPTIMIZATION_LEVEL = 0;
				GCC_PREPROCESSOR_DEFINITIONS = (
					"DEBUG=1",
					"$(inherited)",
				);
				GCC_WARN_64_TO_32_BIT_CONVERSION = YES;
				GCC_WARN_ABOUT_RETURN_TYPE = YES_ERROR;
				GCC_WARN_UNDECLARED_SELECTOR = YES;
				GCC_WARN_UNINITIALIZED_AUTOS = YES_AGGRESSIVE;
				GCC_WARN_UNUSED_FUNCTION = YES;
				GCC_WARN_UNUSED_VARIABLE = YES;
				IPHONEOS_DEPLOYMENT_TARGET = 13.2;
				MTL_ENABLE_DEBUG_INFO = INCLUDE_SOURCE;
				MTL_FAST_MATH = YES;
				ONLY_ACTIVE_ARCH = YES;
				SDKROOT = iphoneos;
				SWIFT_ACTIVE_COMPILATION_CONDITIONS = DEBUG;
				SWIFT_OPTIMIZATION_LEVEL = "-Onone";
			};
			name = Debug;
		};
		84EC7820240FABF600D9FBCF /* Release */ = {
			isa = XCBuildConfiguration;
			buildSettings = {
				ALWAYS_SEARCH_USER_PATHS = NO;
				CLANG_ANALYZER_NONNULL = YES;
				CLANG_ANALYZER_NUMBER_OBJECT_CONVERSION = YES_AGGRESSIVE;
				CLANG_CXX_LANGUAGE_STANDARD = "gnu++14";
				CLANG_CXX_LIBRARY = "libc++";
				CLANG_ENABLE_MODULES = YES;
				CLANG_ENABLE_OBJC_ARC = YES;
				CLANG_ENABLE_OBJC_WEAK = YES;
				CLANG_WARN_BLOCK_CAPTURE_AUTORELEASING = YES;
				CLANG_WARN_BOOL_CONVERSION = YES;
				CLANG_WARN_COMMA = YES;
				CLANG_WARN_CONSTANT_CONVERSION = YES;
				CLANG_WARN_DEPRECATED_OBJC_IMPLEMENTATIONS = YES;
				CLANG_WARN_DIRECT_OBJC_ISA_USAGE = YES_ERROR;
				CLANG_WARN_DOCUMENTATION_COMMENTS = YES;
				CLANG_WARN_EMPTY_BODY = YES;
				CLANG_WARN_ENUM_CONVERSION = YES;
				CLANG_WARN_INFINITE_RECURSION = YES;
				CLANG_WARN_INT_CONVERSION = YES;
				CLANG_WARN_NON_LITERAL_NULL_CONVERSION = YES;
				CLANG_WARN_OBJC_IMPLICIT_RETAIN_SELF = YES;
				CLANG_WARN_OBJC_LITERAL_CONVERSION = YES;
				CLANG_WARN_OBJC_ROOT_CLASS = YES_ERROR;
				CLANG_WARN_RANGE_LOOP_ANALYSIS = YES;
				CLANG_WARN_STRICT_PROTOTYPES = YES;
				CLANG_WARN_SUSPICIOUS_MOVE = YES;
				CLANG_WARN_UNGUARDED_AVAILABILITY = YES_AGGRESSIVE;
				CLANG_WARN_UNREACHABLE_CODE = YES;
				CLANG_WARN__DUPLICATE_METHOD_MATCH = YES;
				COPY_PHASE_STRIP = NO;
				DEBUG_INFORMATION_FORMAT = "dwarf-with-dsym";
				ENABLE_NS_ASSERTIONS = NO;
				ENABLE_STRICT_OBJC_MSGSEND = YES;
				GCC_C_LANGUAGE_STANDARD = gnu11;
				GCC_NO_COMMON_BLOCKS = YES;
				GCC_WARN_64_TO_32_BIT_CONVERSION = YES;
				GCC_WARN_ABOUT_RETURN_TYPE = YES_ERROR;
				GCC_WARN_UNDECLARED_SELECTOR = YES;
				GCC_WARN_UNINITIALIZED_AUTOS = YES_AGGRESSIVE;
				GCC_WARN_UNUSED_FUNCTION = YES;
				GCC_WARN_UNUSED_VARIABLE = YES;
				IPHONEOS_DEPLOYMENT_TARGET = 13.2;
				MTL_ENABLE_DEBUG_INFO = NO;
				MTL_FAST_MATH = YES;
				SDKROOT = iphoneos;
				SWIFT_COMPILATION_MODE = wholemodule;
				SWIFT_OPTIMIZATION_LEVEL = "-O";
				VALIDATE_PRODUCT = YES;
			};
			name = Release;
		};
		84EC7822240FABF600D9FBCF /* Debug */ = {
			isa = XCBuildConfiguration;
			buildSettings = {
				ASSETCATALOG_COMPILER_APPICON_NAME = AppIcon;
				CODE_SIGN_STYLE = Automatic;
				DEVELOPMENT_ASSET_PATHS = "\"HDFC-POC/Preview Content\"";
				DEVELOPMENT_TEAM = G82ATQUARY;
				ENABLE_PREVIEWS = YES;
				INFOPLIST_FILE = "HDFC-POC/Info.plist";
				LD_RUNPATH_SEARCH_PATHS = (
					"$(inherited)",
					"@executable_path/Frameworks",
				);
				PRODUCT_BUNDLE_IDENTIFIER = "hdfc.HDFC-POC";
				PRODUCT_NAME = "$(TARGET_NAME)";
				SWIFT_VERSION = 5.0;
				TARGETED_DEVICE_FAMILY = "1,2";
			};
			name = Debug;
		};
		84EC7823240FABF600D9FBCF /* Release */ = {
			isa = XCBuildConfiguration;
			buildSettings = {
				ASSETCATALOG_COMPILER_APPICON_NAME = AppIcon;
				CODE_SIGN_STYLE = Automatic;
				DEVELOPMENT_ASSET_PATHS = "\"HDFC-POC/Preview Content\"";
				DEVELOPMENT_TEAM = G82ATQUARY;
				ENABLE_PREVIEWS = YES;
				INFOPLIST_FILE = "HDFC-POC/Info.plist";
				LD_RUNPATH_SEARCH_PATHS = (
					"$(inherited)",
					"@executable_path/Frameworks",
				);
				PRODUCT_BUNDLE_IDENTIFIER = "hdfc.HDFC-POC";
				PRODUCT_NAME = "$(TARGET_NAME)";
				SWIFT_VERSION = 5.0;
				TARGETED_DEVICE_FAMILY = "1,2";
			};
			name = Release;
		};
/* End XCBuildConfiguration section */

/* Begin XCConfigurationList section */
		84EC7808240FABF200D9FBCF /* Build configuration list for PBXProject "HDFC-POC" */ = {
			isa = XCConfigurationList;
			buildConfigurations = (
				84EC781F240FABF600D9FBCF /* Debug */,
				84EC7820240FABF600D9FBCF /* Release */,
			);
			defaultConfigurationIsVisible = 0;
			defaultConfigurationName = Release;
		};
		84EC7821240FABF600D9FBCF /* Build configuration list for PBXNativeTarget "HDFC-POC" */ = {
			isa = XCConfigurationList;
			buildConfigurations = (
				84EC7822240FABF600D9FBCF /* Debug */,
				84EC7823240FABF600D9FBCF /* Release */,
			);
			defaultConfigurationIsVisible = 0;
			defaultConfigurationName = Release;
		};
/* End XCConfigurationList section */
	};
	rootObject = 84EC7805240FABF200D9FBCF /* Project object */;
}
